
Microsoft Visual Studio Solution File, Format Version 10.00
# Visual Studio 2008
Project("{FAE04EC0-301F-11D3-BF4B-00C04F79EFBC}") = "MediaBrowser", "MediaBrowser\MediaBrowser.csproj", "{C6B27E5F-3D83-4D71-85B9-AF83C8392721}"
EndProject
Project("{FAE04EC0-301F-11D3-BF4B-00C04F79EFBC}") = "TestMediaBrowser", "TestMediaBrowser\TestMediaBrowser.csproj", "{8312AF5D-16DD-41C4-8323-BD0CCFBE1F12}"
EndProject
Project("{FAE04EC0-301F-11D3-BF4B-00C04F79EFBC}") = "MediaBrowserConfig", "MediaBrowserConfig\MediaBrowserConfig.csproj", "{51418395-B483-4C40-A8F2-2CCFF7847672}"
EndProject
Global
	GlobalSection(SolutionConfigurationPlatforms) = preSolution
		Debug|Any CPU = Debug|Any CPU
		Release|Any CPU = Release|Any CPU
	EndGlobalSection
	GlobalSection(ProjectConfigurationPlatforms) = postSolution
		{C6B27E5F-3D83-4D71-85B9-AF83C8392721}.Debug|Any CPU.ActiveCfg = Debug|Any CPU
		{C6B27E5F-3D83-4D71-85B9-AF83C8392721}.Debug|Any CPU.Build.0 = Debug|Any CPU
		{C6B27E5F-3D83-4D71-85B9-AF83C8392721}.Release|Any CPU.ActiveCfg = Release|Any CPU
		{C6B27E5F-3D83-4D71-85B9-AF83C8392721}.Release|Any CPU.Build.0 = Release|Any CPU
		{8312AF5D-16DD-41C4-8323-BD0CCFBE1F12}.Debug|Any CPU.ActiveCfg = Debug|Any CPU
		{8312AF5D-16DD-41C4-8323-BD0CCFBE1F12}.Debug|Any CPU.Build.0 = Debug|Any CPU
		{8312AF5D-16DD-41C4-8323-BD0CCFBE1F12}.Release|Any CPU.ActiveCfg = Release|Any CPU
		{8312AF5D-16DD-41C4-8323-BD0CCFBE1F12}.Release|Any CPU.Build.0 = Release|Any CPU
		{51418395-B483-4C40-A8F2-2CCFF7847672}.Debug|Any CPU.ActiveCfg = Debug|Any CPU
		{51418395-B483-4C40-A8F2-2CCFF7847672}.Debug|Any CPU.Build.0 = Debug|Any CPU
		{51418395-B483-4C40-A8F2-2CCFF7847672}.Release|Any CPU.ActiveCfg = Release|Any CPU
		{51418395-B483-4C40-A8F2-2CCFF7847672}.Release|Any CPU.Build.0 = Release|Any CPU
	EndGlobalSection
	GlobalSection(SolutionProperties) = preSolution
		HideSolutionNode = FALSE
	EndGlobalSection
EndGlobal
